
Microsoft Visual Studio Solution File, Format Version 12.00
Project("{FAE04EC0-301F-11D3-BF4B-00C04F79EFBC}") = "API", "API\API.csproj", "{65630A6B-7250-49FE-855A-A976C81D8DB9}"
EndProject
Project("{FAE04EC0-301F-11D3-BF4B-00C04F79EFBC}") = "APP", "APP\APP.csproj", "{B0B6D7ED-04EC-49FC-BE05-5C8C997BAAF3}"
EndProject
Project("{FAE04EC0-301F-11D3-BF4B-00C04F79EFBC}") = "DOMAIN", "DOMAIN\DOMAIN.csproj", "{AB7BFB26-90CC-4701-8D74-88BD215A9685}"
EndProject
Project("{FAE04EC0-301F-11D3-BF4B-00C04F79EFBC}") = "SHARED", "SHARED\SHARED.csproj", "{CD791155-B7F1-4489-93E1-39A130717A7B}"
EndProject
Project("{2150E333-8FDC-42A3-9474-1A3956D46DE8}") = "src", "src", "{66C76CA0-EC6E-4345-97CE-BD4175E79014}"
EndProject
Project("{FAE04EC0-301F-11D3-BF4B-00C04F79EFBC}") = "INFRASTRUCTURE", "INFRASTRUCTURE\INFRASTRUCTURE.csproj", "{C8646EC3-E5C8-40F0-90D9-C9D762D69C96}"
EndProject
Project("{2150E333-8FDC-42A3-9474-1A3956D46DE8}") = "tests", "tests", "{D720FB41-BC7D-4B2C-9FB5-9E14042B42A3}"
EndProject
Project("{FAE04EC0-301F-11D3-BF4B-00C04F79EFBC}") = "TEST.APP", "TEST.APP\TEST.APP.csproj", "{D7E79FA5-7759-431D-8D66-3BBF5062442C}"
EndProject
Global
	GlobalSection(SolutionConfigurationPlatforms) = preSolution
		Debug|Any CPU = Debug|Any CPU
		Release|Any CPU = Release|Any CPU
	EndGlobalSection
	GlobalSection(ProjectConfigurationPlatforms) = postSolution
		{65630A6B-7250-49FE-855A-A976C81D8DB9}.Debug|Any CPU.ActiveCfg = Debug|Any CPU
		{65630A6B-7250-49FE-855A-A976C81D8DB9}.Debug|Any CPU.Build.0 = Debug|Any CPU
		{65630A6B-7250-49FE-855A-A976C81D8DB9}.Release|Any CPU.ActiveCfg = Release|Any CPU
		{65630A6B-7250-49FE-855A-A976C81D8DB9}.Release|Any CPU.Build.0 = Release|Any CPU
		{B0B6D7ED-04EC-49FC-BE05-5C8C997BAAF3}.Debug|Any CPU.ActiveCfg = Debug|Any CPU
		{B0B6D7ED-04EC-49FC-BE05-5C8C997BAAF3}.Debug|Any CPU.Build.0 = Debug|Any CPU
		{B0B6D7ED-04EC-49FC-BE05-5C8C997BAAF3}.Release|Any CPU.ActiveCfg = Release|Any CPU
		{B0B6D7ED-04EC-49FC-BE05-5C8C997BAAF3}.Release|Any CPU.Build.0 = Release|Any CPU
		{AB7BFB26-90CC-4701-8D74-88BD215A9685}.Debug|Any CPU.ActiveCfg = Debug|Any CPU
		{AB7BFB26-90CC-4701-8D74-88BD215A9685}.Debug|Any CPU.Build.0 = Debug|Any CPU
		{AB7BFB26-90CC-4701-8D74-88BD215A9685}.Release|Any CPU.ActiveCfg = Release|Any CPU
		{AB7BFB26-90CC-4701-8D74-88BD215A9685}.Release|Any CPU.Build.0 = Release|Any CPU
		{CD791155-B7F1-4489-93E1-39A130717A7B}.Debug|Any CPU.ActiveCfg = Debug|Any CPU
		{CD791155-B7F1-4489-93E1-39A130717A7B}.Debug|Any CPU.Build.0 = Debug|Any CPU
		{CD791155-B7F1-4489-93E1-39A130717A7B}.Release|Any CPU.ActiveCfg = Release|Any CPU
		{CD791155-B7F1-4489-93E1-39A130717A7B}.Release|Any CPU.Build.0 = Release|Any CPU
		{C8646EC3-E5C8-40F0-90D9-C9D762D69C96}.Debug|Any CPU.ActiveCfg = Debug|Any CPU
		{C8646EC3-E5C8-40F0-90D9-C9D762D69C96}.Debug|Any CPU.Build.0 = Debug|Any CPU
		{C8646EC3-E5C8-40F0-90D9-C9D762D69C96}.Release|Any CPU.ActiveCfg = Release|Any CPU
		{C8646EC3-E5C8-40F0-90D9-C9D762D69C96}.Release|Any CPU.Build.0 = Release|Any CPU
		{D7E79FA5-7759-431D-8D66-3BBF5062442C}.Debug|Any CPU.ActiveCfg = Debug|Any CPU
		{D7E79FA5-7759-431D-8D66-3BBF5062442C}.Debug|Any CPU.Build.0 = Debug|Any CPU
		{D7E79FA5-7759-431D-8D66-3BBF5062442C}.Release|Any CPU.ActiveCfg = Release|Any CPU
		{D7E79FA5-7759-431D-8D66-3BBF5062442C}.Release|Any CPU.Build.0 = Release|Any CPU
	EndGlobalSection
	GlobalSection(NestedProjects) = preSolution
		{65630A6B-7250-49FE-855A-A976C81D8DB9} = {66C76CA0-EC6E-4345-97CE-BD4175E79014}
		{B0B6D7ED-04EC-49FC-BE05-5C8C997BAAF3} = {66C76CA0-EC6E-4345-97CE-BD4175E79014}
		{AB7BFB26-90CC-4701-8D74-88BD215A9685} = {66C76CA0-EC6E-4345-97CE-BD4175E79014}
		{CD791155-B7F1-4489-93E1-39A130717A7B} = {66C76CA0-EC6E-4345-97CE-BD4175E79014}
		{C8646EC3-E5C8-40F0-90D9-C9D762D69C96} = {66C76CA0-EC6E-4345-97CE-BD4175E79014}
		{D7E79FA5-7759-431D-8D66-3BBF5062442C} = {D720FB41-BC7D-4B2C-9FB5-9E14042B42A3}
	EndGlobalSection
EndGlobal
